// !$*UTF8*$!
{
	archiveVersion = 1;
	classes = {
	};
	objectVersion = 46;
	objects = {

/* Begin PBXBuildFile section */
		OBJ_101 /* Syncable.swift in Sources */ = {isa = PBXBuildFile; fileRef = OBJ_32 /* Syncable.swift */; };
		OBJ_102 /* SyncError.swift in Sources */ = {isa = PBXBuildFile; fileRef = OBJ_33 /* SyncError.swift */; };
		OBJ_103 /* Synchronizer.swift in Sources */ = {isa = PBXBuildFile; fileRef = OBJ_34 /* Synchronizer.swift */; };
		OBJ_105 /* CommandLine.framework in Frameworks */ = {isa = PBXBuildFile; fileRef = OBJ_53 /* CommandLine.framework */; };
		OBJ_112 /* BuildType.swift in Sources */ = {isa = PBXBuildFile; fileRef = OBJ_36 /* BuildType.swift */; };
		OBJ_114 /* Configuration.swift in Sources */ = {isa = PBXBuildFile; fileRef = OBJ_38 /* Configuration.swift */; };
		OBJ_115 /* main.swift in Sources */ = {isa = PBXBuildFile; fileRef = OBJ_39 /* main.swift */; };
		OBJ_116 /* PackageType.swift in Sources */ = {isa = PBXBuildFile; fileRef = OBJ_40 /* PackageType.swift */; };
		OBJ_117 /* Swift.swift in Sources */ = {isa = PBXBuildFile; fileRef = OBJ_41 /* Swift.swift */; };
		OBJ_118 /* SwiftPackageManager.swift in Sources */ = {isa = PBXBuildFile; fileRef = OBJ_42 /* SwiftPackageManager.swift */; };
		OBJ_119 /* Swish+Build.swift in Sources */ = {isa = PBXBuildFile; fileRef = OBJ_43 /* Swish+Build.swift */; };
		OBJ_120 /* Swish+Init.swift in Sources */ = {isa = PBXBuildFile; fileRef = OBJ_44 /* Swish+Init.swift */; };
		OBJ_121 /* Swish+Run.swift in Sources */ = {isa = PBXBuildFile; fileRef = OBJ_45 /* Swish+Run.swift */; };
		OBJ_122 /* Swish+Stop.swift in Sources */ = {isa = PBXBuildFile; fileRef = OBJ_46 /* Swish+Stop.swift */; };
		OBJ_123 /* Swish.swift in Sources */ = {isa = PBXBuildFile; fileRef = OBJ_47 /* Swish.swift */; };
		OBJ_124 /* SwishError.swift in Sources */ = {isa = PBXBuildFile; fileRef = OBJ_48 /* SwishError.swift */; };
		OBJ_126 /* Spectre.framework in Frameworks */ = {isa = PBXBuildFile; fileRef = OBJ_51 /* Spectre.framework */; };
		OBJ_127 /* Commander.framework in Frameworks */ = {isa = PBXBuildFile; fileRef = OBJ_52 /* Commander.framework */; };
		OBJ_128 /* CommandLine.framework in Frameworks */ = {isa = PBXBuildFile; fileRef = OBJ_53 /* CommandLine.framework */; };
		OBJ_129 /* Sync.framework in Frameworks */ = {isa = PBXBuildFile; fileRef = OBJ_54 /* Sync.framework */; };
		OBJ_61 /* Case.swift in Sources */ = {isa = PBXBuildFile; fileRef = OBJ_9 /* Case.swift */; };
		OBJ_62 /* Context.swift in Sources */ = {isa = PBXBuildFile; fileRef = OBJ_10 /* Context.swift */; };
		OBJ_63 /* Expectation.swift in Sources */ = {isa = PBXBuildFile; fileRef = OBJ_11 /* Expectation.swift */; };
		OBJ_64 /* Failure.swift in Sources */ = {isa = PBXBuildFile; fileRef = OBJ_12 /* Failure.swift */; };
		OBJ_65 /* Global.swift in Sources */ = {isa = PBXBuildFile; fileRef = OBJ_13 /* Global.swift */; };
		OBJ_66 /* GlobalContext.swift in Sources */ = {isa = PBXBuildFile; fileRef = OBJ_14 /* GlobalContext.swift */; };
		OBJ_67 /* Reporter.swift in Sources */ = {isa = PBXBuildFile; fileRef = OBJ_15 /* Reporter.swift */; };
		OBJ_68 /* Reporters.swift in Sources */ = {isa = PBXBuildFile; fileRef = OBJ_16 /* Reporters.swift */; };
		OBJ_75 /* ArgumentConvertible.swift in Sources */ = {isa = PBXBuildFile; fileRef = OBJ_18 /* ArgumentConvertible.swift */; };
		OBJ_76 /* ArgumentDescription.swift in Sources */ = {isa = PBXBuildFile; fileRef = OBJ_19 /* ArgumentDescription.swift */; };
		OBJ_77 /* ArgumentParser.swift in Sources */ = {isa = PBXBuildFile; fileRef = OBJ_20 /* ArgumentParser.swift */; };
		OBJ_78 /* Command.swift in Sources */ = {isa = PBXBuildFile; fileRef = OBJ_21 /* Command.swift */; };
		OBJ_79 /* CommandRunner.swift in Sources */ = {isa = PBXBuildFile; fileRef = OBJ_22 /* CommandRunner.swift */; };
		OBJ_80 /* Commands.swift in Sources */ = {isa = PBXBuildFile; fileRef = OBJ_23 /* Commands.swift */; };
		OBJ_81 /* CommandType.swift in Sources */ = {isa = PBXBuildFile; fileRef = OBJ_24 /* CommandType.swift */; };
		OBJ_82 /* Error.swift in Sources */ = {isa = PBXBuildFile; fileRef = OBJ_25 /* Error.swift */; };
		OBJ_83 /* Group.swift in Sources */ = {isa = PBXBuildFile; fileRef = OBJ_26 /* Group.swift */; };
		OBJ_85 /* Spectre.framework in Frameworks */ = {isa = PBXBuildFile; fileRef = OBJ_51 /* Spectre.framework */; };
		OBJ_92 /* CommandLine.swift in Sources */ = {isa = PBXBuildFile; fileRef = OBJ_28 /* CommandLine.swift */; };
		OBJ_93 /* CommandLineResult.swift in Sources */ = {isa = PBXBuildFile; fileRef = OBJ_29 /* CommandLineResult.swift */; };
		OBJ_94 /* Exit.swift in Sources */ = {isa = PBXBuildFile; fileRef = OBJ_30 /* Exit.swift */; };
/* End PBXBuildFile section */

/* Begin PBXContainerItemProxy section */
		BE2326A51DD6413500442A19 /* PBXContainerItemProxy */ = {
			isa = PBXContainerItemProxy;
			containerPortal = OBJ_1 /* Project object */;
			proxyType = 1;
			remoteGlobalIDString = OBJ_56;
			remoteInfo = Spectre;
		};
		BE2326A61DD6413500442A19 /* PBXContainerItemProxy */ = {
			isa = PBXContainerItemProxy;
			containerPortal = OBJ_1 /* Project object */;
			proxyType = 1;
			remoteGlobalIDString = OBJ_87;
			remoteInfo = CommandLine;
		};
		BE2326A71DD6413500442A19 /* PBXContainerItemProxy */ = {
			isa = PBXContainerItemProxy;
			containerPortal = OBJ_1 /* Project object */;
			proxyType = 1;
			remoteGlobalIDString = OBJ_56;
			remoteInfo = Spectre;
		};
		BE2326A81DD6413500442A19 /* PBXContainerItemProxy */ = {
			isa = PBXContainerItemProxy;
			containerPortal = OBJ_1 /* Project object */;
			proxyType = 1;
			remoteGlobalIDString = OBJ_70;
			remoteInfo = Commander;
		};
		BE2326A91DD6413500442A19 /* PBXContainerItemProxy */ = {
			isa = PBXContainerItemProxy;
			containerPortal = OBJ_1 /* Project object */;
			proxyType = 1;
			remoteGlobalIDString = OBJ_87;
			remoteInfo = CommandLine;
		};
		BE2326AA1DD6413500442A19 /* PBXContainerItemProxy */ = {
			isa = PBXContainerItemProxy;
			containerPortal = OBJ_1 /* Project object */;
			proxyType = 1;
			remoteGlobalIDString = OBJ_96;
			remoteInfo = Sync;
		};
/* End PBXContainerItemProxy section */

/* Begin PBXFileReference section */
		OBJ_10 /* Context.swift */ = {isa = PBXFileReference; lastKnownFileType = sourcecode.swift; path = Context.swift; sourceTree = "<group>"; };
		OBJ_11 /* Expectation.swift */ = {isa = PBXFileReference; lastKnownFileType = sourcecode.swift; path = Expectation.swift; sourceTree = "<group>"; };
		OBJ_12 /* Failure.swift */ = {isa = PBXFileReference; lastKnownFileType = sourcecode.swift; path = Failure.swift; sourceTree = "<group>"; };
		OBJ_13 /* Global.swift */ = {isa = PBXFileReference; lastKnownFileType = sourcecode.swift; path = Global.swift; sourceTree = "<group>"; };
		OBJ_14 /* GlobalContext.swift */ = {isa = PBXFileReference; lastKnownFileType = sourcecode.swift; path = GlobalContext.swift; sourceTree = "<group>"; };
		OBJ_15 /* Reporter.swift */ = {isa = PBXFileReference; lastKnownFileType = sourcecode.swift; path = Reporter.swift; sourceTree = "<group>"; };
		OBJ_16 /* Reporters.swift */ = {isa = PBXFileReference; lastKnownFileType = sourcecode.swift; path = Reporters.swift; sourceTree = "<group>"; };
		OBJ_18 /* ArgumentConvertible.swift */ = {isa = PBXFileReference; lastKnownFileType = sourcecode.swift; path = ArgumentConvertible.swift; sourceTree = "<group>"; };
		OBJ_19 /* ArgumentDescription.swift */ = {isa = PBXFileReference; lastKnownFileType = sourcecode.swift; path = ArgumentDescription.swift; sourceTree = "<group>"; };
		OBJ_20 /* ArgumentParser.swift */ = {isa = PBXFileReference; lastKnownFileType = sourcecode.swift; path = ArgumentParser.swift; sourceTree = "<group>"; };
		OBJ_21 /* Command.swift */ = {isa = PBXFileReference; lastKnownFileType = sourcecode.swift; path = Command.swift; sourceTree = "<group>"; };
		OBJ_22 /* CommandRunner.swift */ = {isa = PBXFileReference; lastKnownFileType = sourcecode.swift; path = CommandRunner.swift; sourceTree = "<group>"; };
		OBJ_23 /* Commands.swift */ = {isa = PBXFileReference; lastKnownFileType = sourcecode.swift; path = Commands.swift; sourceTree = "<group>"; };
		OBJ_24 /* CommandType.swift */ = {isa = PBXFileReference; lastKnownFileType = sourcecode.swift; path = CommandType.swift; sourceTree = "<group>"; };
		OBJ_25 /* Error.swift */ = {isa = PBXFileReference; lastKnownFileType = sourcecode.swift; path = Error.swift; sourceTree = "<group>"; };
		OBJ_26 /* Group.swift */ = {isa = PBXFileReference; lastKnownFileType = sourcecode.swift; path = Group.swift; sourceTree = "<group>"; };
		OBJ_28 /* CommandLine.swift */ = {isa = PBXFileReference; lastKnownFileType = sourcecode.swift; path = CommandLine.swift; sourceTree = "<group>"; };
		OBJ_29 /* CommandLineResult.swift */ = {isa = PBXFileReference; lastKnownFileType = sourcecode.swift; path = CommandLineResult.swift; sourceTree = "<group>"; };
		OBJ_30 /* Exit.swift */ = {isa = PBXFileReference; lastKnownFileType = sourcecode.swift; path = Exit.swift; sourceTree = "<group>"; };
		OBJ_32 /* Syncable.swift */ = {isa = PBXFileReference; lastKnownFileType = sourcecode.swift; path = Syncable.swift; sourceTree = "<group>"; };
		OBJ_33 /* SyncError.swift */ = {isa = PBXFileReference; lastKnownFileType = sourcecode.swift; path = SyncError.swift; sourceTree = "<group>"; };
		OBJ_34 /* Synchronizer.swift */ = {isa = PBXFileReference; lastKnownFileType = sourcecode.swift; path = Synchronizer.swift; sourceTree = "<group>"; };
		OBJ_36 /* BuildType.swift */ = {isa = PBXFileReference; lastKnownFileType = sourcecode.swift; path = BuildType.swift; sourceTree = "<group>"; };
		OBJ_38 /* Configuration.swift */ = {isa = PBXFileReference; lastKnownFileType = sourcecode.swift; path = Configuration.swift; sourceTree = "<group>"; };
		OBJ_39 /* main.swift */ = {isa = PBXFileReference; lastKnownFileType = sourcecode.swift; path = main.swift; sourceTree = "<group>"; };
		OBJ_40 /* PackageType.swift */ = {isa = PBXFileReference; lastKnownFileType = sourcecode.swift; path = PackageType.swift; sourceTree = "<group>"; };
		OBJ_41 /* Swift.swift */ = {isa = PBXFileReference; lastKnownFileType = sourcecode.swift; path = Swift.swift; sourceTree = "<group>"; };
		OBJ_42 /* SwiftPackageManager.swift */ = {isa = PBXFileReference; lastKnownFileType = sourcecode.swift; path = SwiftPackageManager.swift; sourceTree = "<group>"; };
		OBJ_43 /* Swish+Build.swift */ = {isa = PBXFileReference; lastKnownFileType = sourcecode.swift; path = "Swish+Build.swift"; sourceTree = "<group>"; };
		OBJ_44 /* Swish+Init.swift */ = {isa = PBXFileReference; lastKnownFileType = sourcecode.swift; path = "Swish+Init.swift"; sourceTree = "<group>"; };
		OBJ_45 /* Swish+Run.swift */ = {isa = PBXFileReference; lastKnownFileType = sourcecode.swift; path = "Swish+Run.swift"; sourceTree = "<group>"; };
		OBJ_46 /* Swish+Stop.swift */ = {isa = PBXFileReference; lastKnownFileType = sourcecode.swift; path = "Swish+Stop.swift"; sourceTree = "<group>"; };
		OBJ_47 /* Swish.swift */ = {isa = PBXFileReference; lastKnownFileType = sourcecode.swift; path = Swish.swift; sourceTree = "<group>"; };
		OBJ_48 /* SwishError.swift */ = {isa = PBXFileReference; lastKnownFileType = sourcecode.swift; path = SwishError.swift; sourceTree = "<group>"; };
		OBJ_51 /* Spectre.framework */ = {isa = PBXFileReference; explicitFileType = wrapper.framework; path = Spectre.framework; sourceTree = BUILT_PRODUCTS_DIR; };
		OBJ_52 /* Commander.framework */ = {isa = PBXFileReference; explicitFileType = wrapper.framework; path = Commander.framework; sourceTree = BUILT_PRODUCTS_DIR; };
		OBJ_53 /* CommandLine.framework */ = {isa = PBXFileReference; explicitFileType = wrapper.framework; path = CommandLine.framework; sourceTree = BUILT_PRODUCTS_DIR; };
		OBJ_54 /* Sync.framework */ = {isa = PBXFileReference; explicitFileType = wrapper.framework; path = Sync.framework; sourceTree = BUILT_PRODUCTS_DIR; };
		OBJ_55 /* Swish */ = {isa = PBXFileReference; lastKnownFileType = text; path = Swish; sourceTree = BUILT_PRODUCTS_DIR; };
		OBJ_6 /* Package.swift */ = {isa = PBXFileReference; explicitFileType = sourcecode.swift; path = Package.swift; sourceTree = "<group>"; };
		OBJ_9 /* Case.swift */ = {isa = PBXFileReference; lastKnownFileType = sourcecode.swift; path = Case.swift; sourceTree = "<group>"; };
/* End PBXFileReference section */

/* Begin PBXFrameworksBuildPhase section */
		OBJ_104 /* Frameworks */ = {
			isa = PBXFrameworksBuildPhase;
			buildActionMask = 0;
			files = (
				OBJ_105 /* CommandLine.framework in Frameworks */,
			);
			runOnlyForDeploymentPostprocessing = 0;
		};
		OBJ_125 /* Frameworks */ = {
			isa = PBXFrameworksBuildPhase;
			buildActionMask = 0;
			files = (
				OBJ_126 /* Spectre.framework in Frameworks */,
				OBJ_127 /* Commander.framework in Frameworks */,
				OBJ_128 /* CommandLine.framework in Frameworks */,
				OBJ_129 /* Sync.framework in Frameworks */,
			);
			runOnlyForDeploymentPostprocessing = 0;
		};
		OBJ_69 /* Frameworks */ = {
			isa = PBXFrameworksBuildPhase;
			buildActionMask = 0;
			files = (
			);
			runOnlyForDeploymentPostprocessing = 0;
		};
		OBJ_84 /* Frameworks */ = {
			isa = PBXFrameworksBuildPhase;
			buildActionMask = 0;
			files = (
				OBJ_85 /* Spectre.framework in Frameworks */,
			);
			runOnlyForDeploymentPostprocessing = 0;
		};
		OBJ_95 /* Frameworks */ = {
			isa = PBXFrameworksBuildPhase;
			buildActionMask = 0;
			files = (
			);
			runOnlyForDeploymentPostprocessing = 0;
		};
/* End PBXFrameworksBuildPhase section */

/* Begin PBXGroup section */
		OBJ_17 /* Commander */ = {
			isa = PBXGroup;
			children = (
				OBJ_18 /* ArgumentConvertible.swift */,
				OBJ_19 /* ArgumentDescription.swift */,
				OBJ_20 /* ArgumentParser.swift */,
				OBJ_21 /* Command.swift */,
				OBJ_22 /* CommandRunner.swift */,
				OBJ_23 /* Commands.swift */,
				OBJ_24 /* CommandType.swift */,
				OBJ_25 /* Error.swift */,
				OBJ_26 /* Group.swift */,
			);
			name = Commander;
			path = "Packages/Commander-0.5.0/Sources";
			sourceTree = SOURCE_ROOT;
		};
		OBJ_27 /* CommandLine */ = {
			isa = PBXGroup;
			children = (
				OBJ_28 /* CommandLine.swift */,
				OBJ_29 /* CommandLineResult.swift */,
				OBJ_30 /* Exit.swift */,
			);
			name = CommandLine;
			path = "Packages/CommandLine-0.1.1/Sources";
			sourceTree = SOURCE_ROOT;
		};
		OBJ_31 /* Sync */ = {
			isa = PBXGroup;
			children = (
				OBJ_32 /* Syncable.swift */,
				OBJ_33 /* SyncError.swift */,
				OBJ_34 /* Synchronizer.swift */,
			);
			name = Sync;
			path = "Packages/Sync-0.1.0/Sources";
			sourceTree = SOURCE_ROOT;
		};
		OBJ_35 /* Swish */ = {
			isa = PBXGroup;
			children = (
				OBJ_36 /* BuildType.swift */,
				OBJ_38 /* Configuration.swift */,
				OBJ_39 /* main.swift */,
				OBJ_40 /* PackageType.swift */,
				OBJ_41 /* Swift.swift */,
				OBJ_42 /* SwiftPackageManager.swift */,
				OBJ_43 /* Swish+Build.swift */,
				OBJ_44 /* Swish+Init.swift */,
				OBJ_45 /* Swish+Run.swift */,
				OBJ_46 /* Swish+Stop.swift */,
				OBJ_47 /* Swish.swift */,
				OBJ_48 /* SwishError.swift */,
			);
			name = Swish;
			path = Sources;
			sourceTree = SOURCE_ROOT;
		};
		OBJ_49 /* Tests */ = {
			isa = PBXGroup;
			children = (
			);
			path = Tests;
			sourceTree = "<group>";
		};
		OBJ_5 = {
			isa = PBXGroup;
			children = (
				OBJ_6 /* Package.swift */,
				OBJ_7 /* Sources */,
				OBJ_49 /* Tests */,
				OBJ_50 /* Products */,
			);
			sourceTree = "<group>";
		};
		OBJ_50 /* Products */ = {
			isa = PBXGroup;
			children = (
				OBJ_51 /* Spectre.framework */,
				OBJ_52 /* Commander.framework */,
				OBJ_53 /* CommandLine.framework */,
				OBJ_54 /* Sync.framework */,
				OBJ_55 /* Swish */,
			);
			name = Products;
			sourceTree = BUILT_PRODUCTS_DIR;
		};
		OBJ_7 /* Sources */ = {
			isa = PBXGroup;
			children = (
				OBJ_8 /* Spectre */,
				OBJ_17 /* Commander */,
				OBJ_27 /* CommandLine */,
				OBJ_31 /* Sync */,
				OBJ_35 /* Swish */,
			);
			path = Sources;
			sourceTree = "<group>";
		};
		OBJ_8 /* Spectre */ = {
			isa = PBXGroup;
			children = (
				OBJ_9 /* Case.swift */,
				OBJ_10 /* Context.swift */,
				OBJ_11 /* Expectation.swift */,
				OBJ_12 /* Failure.swift */,
				OBJ_13 /* Global.swift */,
				OBJ_14 /* GlobalContext.swift */,
				OBJ_15 /* Reporter.swift */,
				OBJ_16 /* Reporters.swift */,
			);
			name = Spectre;
			path = "Packages/Spectre-0.7.1/Sources";
			sourceTree = SOURCE_ROOT;
		};
/* End PBXGroup section */

/* Begin PBXNativeTarget section */
		OBJ_107 /* Swish */ = {
			isa = PBXNativeTarget;
			buildConfigurationList = OBJ_108 /* Build configuration list for PBXNativeTarget "Swish" */;
			buildPhases = (
				OBJ_111 /* Sources */,
				OBJ_125 /* Frameworks */,
			);
			buildRules = (
			);
			dependencies = (
				OBJ_130 /* PBXTargetDependency */,
				OBJ_131 /* PBXTargetDependency */,
				OBJ_132 /* PBXTargetDependency */,
				OBJ_133 /* PBXTargetDependency */,
			);
			name = Swish;
			productName = Swish;
			productReference = OBJ_55 /* Swish */;
			productType = "com.apple.product-type.tool";
		};
		OBJ_56 /* Spectre */ = {
			isa = PBXNativeTarget;
			buildConfigurationList = OBJ_57 /* Build configuration list for PBXNativeTarget "Spectre" */;
			buildPhases = (
				OBJ_60 /* Sources */,
				OBJ_69 /* Frameworks */,
			);
			buildRules = (
			);
			dependencies = (
			);
			name = Spectre;
			productName = Spectre;
			productReference = OBJ_51 /* Spectre.framework */;
			productType = "com.apple.product-type.framework";
		};
		OBJ_70 /* Commander */ = {
			isa = PBXNativeTarget;
			buildConfigurationList = OBJ_71 /* Build configuration list for PBXNativeTarget "Commander" */;
			buildPhases = (
				OBJ_74 /* Sources */,
				OBJ_84 /* Frameworks */,
			);
			buildRules = (
			);
			dependencies = (
				OBJ_86 /* PBXTargetDependency */,
			);
			name = Commander;
			productName = Commander;
			productReference = OBJ_52 /* Commander.framework */;
			productType = "com.apple.product-type.framework";
		};
		OBJ_87 /* CommandLine */ = {
			isa = PBXNativeTarget;
			buildConfigurationList = OBJ_88 /* Build configuration list for PBXNativeTarget "CommandLine" */;
			buildPhases = (
				OBJ_91 /* Sources */,
				OBJ_95 /* Frameworks */,
			);
			buildRules = (
			);
			dependencies = (
			);
			name = CommandLine;
			productName = CommandLine;
			productReference = OBJ_53 /* CommandLine.framework */;
			productType = "com.apple.product-type.framework";
		};
		OBJ_96 /* Sync */ = {
			isa = PBXNativeTarget;
			buildConfigurationList = OBJ_97 /* Build configuration list for PBXNativeTarget "Sync" */;
			buildPhases = (
				OBJ_100 /* Sources */,
				OBJ_104 /* Frameworks */,
			);
			buildRules = (
			);
			dependencies = (
				OBJ_106 /* PBXTargetDependency */,
			);
			name = Sync;
			productName = Sync;
			productReference = OBJ_54 /* Sync.framework */;
			productType = "com.apple.product-type.framework";
		};
/* End PBXNativeTarget section */

/* Begin PBXProject section */
		OBJ_1 /* Project object */ = {
			isa = PBXProject;
			attributes = {
				LastUpgradeCheck = 9999;
			};
			buildConfigurationList = OBJ_2 /* Build configuration list for PBXProject "Swish" */;
			compatibilityVersion = "Xcode 3.2";
			developmentRegion = English;
			hasScannedForEncodings = 0;
			knownRegions = (
				en,
			);
			mainGroup = OBJ_5;
			productRefGroup = OBJ_50 /* Products */;
			projectDirPath = "";
			projectRoot = "";
			targets = (
				OBJ_56 /* Spectre */,
				OBJ_70 /* Commander */,
				OBJ_87 /* CommandLine */,
				OBJ_96 /* Sync */,
				OBJ_107 /* Swish */,
			);
		};
/* End PBXProject section */

/* Begin PBXSourcesBuildPhase section */
		OBJ_100 /* Sources */ = {
			isa = PBXSourcesBuildPhase;
			buildActionMask = 0;
			files = (
				OBJ_101 /* Syncable.swift in Sources */,
				OBJ_102 /* SyncError.swift in Sources */,
				OBJ_103 /* Synchronizer.swift in Sources */,
			);
			runOnlyForDeploymentPostprocessing = 0;
		};
		OBJ_111 /* Sources */ = {
			isa = PBXSourcesBuildPhase;
			buildActionMask = 0;
			files = (
				OBJ_112 /* BuildType.swift in Sources */,
				OBJ_114 /* Configuration.swift in Sources */,
				OBJ_115 /* main.swift in Sources */,
				OBJ_116 /* PackageType.swift in Sources */,
				OBJ_117 /* Swift.swift in Sources */,
				OBJ_118 /* SwiftPackageManager.swift in Sources */,
				OBJ_119 /* Swish+Build.swift in Sources */,
				OBJ_120 /* Swish+Init.swift in Sources */,
				OBJ_121 /* Swish+Run.swift in Sources */,
				OBJ_122 /* Swish+Stop.swift in Sources */,
				OBJ_123 /* Swish.swift in Sources */,
				OBJ_124 /* SwishError.swift in Sources */,
			);
			runOnlyForDeploymentPostprocessing = 0;
		};
		OBJ_60 /* Sources */ = {
			isa = PBXSourcesBuildPhase;
			buildActionMask = 0;
			files = (
				OBJ_61 /* Case.swift in Sources */,
				OBJ_62 /* Context.swift in Sources */,
				OBJ_63 /* Expectation.swift in Sources */,
				OBJ_64 /* Failure.swift in Sources */,
				OBJ_65 /* Global.swift in Sources */,
				OBJ_66 /* GlobalContext.swift in Sources */,
				OBJ_67 /* Reporter.swift in Sources */,
				OBJ_68 /* Reporters.swift in Sources */,
			);
			runOnlyForDeploymentPostprocessing = 0;
		};
		OBJ_74 /* Sources */ = {
			isa = PBXSourcesBuildPhase;
			buildActionMask = 0;
			files = (
				OBJ_75 /* ArgumentConvertible.swift in Sources */,
				OBJ_76 /* ArgumentDescription.swift in Sources */,
				OBJ_77 /* ArgumentParser.swift in Sources */,
				OBJ_78 /* Command.swift in Sources */,
				OBJ_79 /* CommandRunner.swift in Sources */,
				OBJ_80 /* Commands.swift in Sources */,
				OBJ_81 /* CommandType.swift in Sources */,
				OBJ_82 /* Error.swift in Sources */,
				OBJ_83 /* Group.swift in Sources */,
			);
			runOnlyForDeploymentPostprocessing = 0;
		};
		OBJ_91 /* Sources */ = {
			isa = PBXSourcesBuildPhase;
			buildActionMask = 0;
			files = (
				OBJ_92 /* CommandLine.swift in Sources */,
				OBJ_93 /* CommandLineResult.swift in Sources */,
				OBJ_94 /* Exit.swift in Sources */,
			);
			runOnlyForDeploymentPostprocessing = 0;
		};
/* End PBXSourcesBuildPhase section */

/* Begin PBXTargetDependency section */
		OBJ_106 /* PBXTargetDependency */ = {
			isa = PBXTargetDependency;
			target = OBJ_87 /* CommandLine */;
			targetProxy = BE2326A61DD6413500442A19 /* PBXContainerItemProxy */;
		};
		OBJ_130 /* PBXTargetDependency */ = {
			isa = PBXTargetDependency;
			target = OBJ_56 /* Spectre */;
			targetProxy = BE2326A71DD6413500442A19 /* PBXContainerItemProxy */;
		};
		OBJ_131 /* PBXTargetDependency */ = {
			isa = PBXTargetDependency;
			target = OBJ_70 /* Commander */;
			targetProxy = BE2326A81DD6413500442A19 /* PBXContainerItemProxy */;
		};
		OBJ_132 /* PBXTargetDependency */ = {
			isa = PBXTargetDependency;
			target = OBJ_87 /* CommandLine */;
			targetProxy = BE2326A91DD6413500442A19 /* PBXContainerItemProxy */;
		};
		OBJ_133 /* PBXTargetDependency */ = {
			isa = PBXTargetDependency;
			target = OBJ_96 /* Sync */;
			targetProxy = BE2326AA1DD6413500442A19 /* PBXContainerItemProxy */;
		};
		OBJ_86 /* PBXTargetDependency */ = {
			isa = PBXTargetDependency;
			target = OBJ_56 /* Spectre */;
			targetProxy = BE2326A51DD6413500442A19 /* PBXContainerItemProxy */;
		};
/* End PBXTargetDependency section */

/* Begin XCBuildConfiguration section */
		OBJ_109 /* Debug */ = {
			isa = XCBuildConfiguration;
			buildSettings = {
				FRAMEWORK_SEARCH_PATHS = "$(PLATFORM_DIR)/Developer/Library/Frameworks";
				HEADER_SEARCH_PATHS = "";
				INFOPLIST_FILE = Swish.xcodeproj/Swish_Info.plist;
				LD_RUNPATH_SEARCH_PATHS = "$(TOOLCHAIN_DIR)/usr/lib/swift/macosx @executable_path";
				OTHER_LDFLAGS = "$(inherited)";
				OTHER_SWIFT_FLAGS = "$(inherited)";
				SUPPORTED_PLATFORMS = macosx;
				SWIFT_ACTIVE_COMPILATION_CONDITIONS = SWIFT_PACKAGE;
				SWIFT_FORCE_DYNAMIC_LINK_STDLIB = YES;
				SWIFT_FORCE_STATIC_LINK_STDLIB = NO;
				SWIFT_VERSION = 3.0;
				TARGET_NAME = Swish;
			};
			name = Debug;
		};
		OBJ_110 /* Release */ = {
			isa = XCBuildConfiguration;
			buildSettings = {
				FRAMEWORK_SEARCH_PATHS = "$(PLATFORM_DIR)/Developer/Library/Frameworks";
				HEADER_SEARCH_PATHS = "";
				INFOPLIST_FILE = Swish.xcodeproj/Swish_Info.plist;
				LD_RUNPATH_SEARCH_PATHS = "$(TOOLCHAIN_DIR)/usr/lib/swift/macosx @executable_path";
				OTHER_LDFLAGS = "$(inherited)";
				OTHER_SWIFT_FLAGS = "$(inherited)";
				SUPPORTED_PLATFORMS = macosx;
				SWIFT_ACTIVE_COMPILATION_CONDITIONS = SWIFT_PACKAGE;
				SWIFT_FORCE_DYNAMIC_LINK_STDLIB = YES;
				SWIFT_FORCE_STATIC_LINK_STDLIB = NO;
				SWIFT_VERSION = 3.0;
				TARGET_NAME = Swish;
			};
			name = Release;
		};
		OBJ_3 /* Debug */ = {
			isa = XCBuildConfiguration;
			buildSettings = {
				COMBINE_HIDPI_IMAGES = YES;
				COPY_PHASE_STRIP = NO;
				DEBUG_INFORMATION_FORMAT = dwarf;
				DYLIB_INSTALL_NAME_BASE = "@rpath";
				ENABLE_NS_ASSERTIONS = YES;
				GCC_OPTIMIZATION_LEVEL = 0;
				MACOSX_DEPLOYMENT_TARGET = 10.10;
				ONLY_ACTIVE_ARCH = YES;
				OTHER_SWIFT_FLAGS = "-DXcode";
				PRODUCT_NAME = "$(TARGET_NAME)";
				SUPPORTED_PLATFORMS = "macosx iphoneos iphonesimulator appletvos appletvsimulator watchos watchsimulator";
				SWIFT_OPTIMIZATION_LEVEL = "-Onone";
				USE_HEADERMAP = NO;
			};
			name = Debug;
		};
		OBJ_4 /* Release */ = {
			isa = XCBuildConfiguration;
			buildSettings = {
				COMBINE_HIDPI_IMAGES = YES;
				COPY_PHASE_STRIP = YES;
				DEBUG_INFORMATION_FORMAT = "dwarf-with-dsym";
				DYLIB_INSTALL_NAME_BASE = "@rpath";
				GCC_OPTIMIZATION_LEVEL = s;
				MACOSX_DEPLOYMENT_TARGET = 10.10;
				OTHER_SWIFT_FLAGS = "-DXcode";
				PRODUCT_NAME = "$(TARGET_NAME)";
				SUPPORTED_PLATFORMS = "macosx iphoneos iphonesimulator appletvos appletvsimulator watchos watchsimulator";
				SWIFT_OPTIMIZATION_LEVEL = "-O";
				USE_HEADERMAP = NO;
			};
			name = Release;
		};
		OBJ_58 /* Debug */ = {
			isa = XCBuildConfiguration;
			buildSettings = {
				ENABLE_TESTABILITY = YES;
				FRAMEWORK_SEARCH_PATHS = "$(PLATFORM_DIR)/Developer/Library/Frameworks";
				HEADER_SEARCH_PATHS = "";
				INFOPLIST_FILE = Swish.xcodeproj/Spectre_Info.plist;
				LD_RUNPATH_SEARCH_PATHS = "$(TOOLCHAIN_DIR)/usr/lib/swift/macosx";
				OTHER_LDFLAGS = "$(inherited)";
				OTHER_SWIFT_FLAGS = "$(inherited)";
				PRODUCT_BUNDLE_IDENTIFIER = Spectre;
				PRODUCT_MODULE_NAME = "$(TARGET_NAME:c99extidentifier)";
				PRODUCT_NAME = "$(TARGET_NAME:c99extidentifier)";
				SUPPORTED_PLATFORMS = macosx;
				SWIFT_ACTIVE_COMPILATION_CONDITIONS = SWIFT_PACKAGE;
				SWIFT_VERSION = 3.0;
				TARGET_NAME = Spectre;
			};
			name = Debug;
		};
		OBJ_59 /* Release */ = {
			isa = XCBuildConfiguration;
			buildSettings = {
				ENABLE_TESTABILITY = YES;
				FRAMEWORK_SEARCH_PATHS = "$(PLATFORM_DIR)/Developer/Library/Frameworks";
				HEADER_SEARCH_PATHS = "";
				INFOPLIST_FILE = Swish.xcodeproj/Spectre_Info.plist;
				LD_RUNPATH_SEARCH_PATHS = "$(TOOLCHAIN_DIR)/usr/lib/swift/macosx";
				OTHER_LDFLAGS = "$(inherited)";
				OTHER_SWIFT_FLAGS = "$(inherited)";
				PRODUCT_BUNDLE_IDENTIFIER = Spectre;
				PRODUCT_MODULE_NAME = "$(TARGET_NAME:c99extidentifier)";
				PRODUCT_NAME = "$(TARGET_NAME:c99extidentifier)";
				SUPPORTED_PLATFORMS = macosx;
				SWIFT_ACTIVE_COMPILATION_CONDITIONS = SWIFT_PACKAGE;
				SWIFT_VERSION = 3.0;
				TARGET_NAME = Spectre;
			};
			name = Release;
		};
		OBJ_72 /* Debug */ = {
			isa = XCBuildConfiguration;
			buildSettings = {
				ENABLE_TESTABILITY = YES;
				FRAMEWORK_SEARCH_PATHS = "$(PLATFORM_DIR)/Developer/Library/Frameworks";
				HEADER_SEARCH_PATHS = "";
				INFOPLIST_FILE = Swish.xcodeproj/Commander_Info.plist;
				LD_RUNPATH_SEARCH_PATHS = "$(TOOLCHAIN_DIR)/usr/lib/swift/macosx";
				OTHER_LDFLAGS = "$(inherited)";
				OTHER_SWIFT_FLAGS = "$(inherited)";
				PRODUCT_BUNDLE_IDENTIFIER = Commander;
				PRODUCT_MODULE_NAME = "$(TARGET_NAME:c99extidentifier)";
				PRODUCT_NAME = "$(TARGET_NAME:c99extidentifier)";
				SUPPORTED_PLATFORMS = macosx;
				SWIFT_ACTIVE_COMPILATION_CONDITIONS = SWIFT_PACKAGE;
				SWIFT_VERSION = 3.0;
				TARGET_NAME = Commander;
			};
			name = Debug;
		};
		OBJ_73 /* Release */ = {
			isa = XCBuildConfiguration;
			buildSettings = {
				ENABLE_TESTABILITY = YES;
				FRAMEWORK_SEARCH_PATHS = "$(PLATFORM_DIR)/Developer/Library/Frameworks";
				HEADER_SEARCH_PATHS = "";
				INFOPLIST_FILE = Swish.xcodeproj/Commander_Info.plist;
				LD_RUNPATH_SEARCH_PATHS = "$(TOOLCHAIN_DIR)/usr/lib/swift/macosx";
				OTHER_LDFLAGS = "$(inherited)";
				OTHER_SWIFT_FLAGS = "$(inherited)";
				PRODUCT_BUNDLE_IDENTIFIER = Commander;
				PRODUCT_MODULE_NAME = "$(TARGET_NAME:c99extidentifier)";
				PRODUCT_NAME = "$(TARGET_NAME:c99extidentifier)";
				SUPPORTED_PLATFORMS = macosx;
				SWIFT_ACTIVE_COMPILATION_CONDITIONS = SWIFT_PACKAGE;
				SWIFT_VERSION = 3.0;
				TARGET_NAME = Commander;
			};
			name = Release;
		};
		OBJ_89 /* Debug */ = {
			isa = XCBuildConfiguration;
			buildSettings = {
				ENABLE_TESTABILITY = YES;
				FRAMEWORK_SEARCH_PATHS = "$(PLATFORM_DIR)/Developer/Library/Frameworks";
				HEADER_SEARCH_PATHS = "";
				INFOPLIST_FILE = Swish.xcodeproj/CommandLine_Info.plist;
				LD_RUNPATH_SEARCH_PATHS = "$(TOOLCHAIN_DIR)/usr/lib/swift/macosx";
				OTHER_LDFLAGS = "$(inherited)";
				OTHER_SWIFT_FLAGS = "$(inherited)";
				PRODUCT_BUNDLE_IDENTIFIER = CommandLine;
				PRODUCT_MODULE_NAME = "$(TARGET_NAME:c99extidentifier)";
				PRODUCT_NAME = "$(TARGET_NAME:c99extidentifier)";
				SUPPORTED_PLATFORMS = macosx;
				SWIFT_ACTIVE_COMPILATION_CONDITIONS = SWIFT_PACKAGE;
				SWIFT_VERSION = 3.0;
				TARGET_NAME = CommandLine;
			};
			name = Debug;
		};
		OBJ_90 /* Release */ = {
			isa = XCBuildConfiguration;
			buildSettings = {
				ENABLE_TESTABILITY = YES;
				FRAMEWORK_SEARCH_PATHS = "$(PLATFORM_DIR)/Developer/Library/Frameworks";
				HEADER_SEARCH_PATHS = "";
				INFOPLIST_FILE = Swish.xcodeproj/CommandLine_Info.plist;
				LD_RUNPATH_SEARCH_PATHS = "$(TOOLCHAIN_DIR)/usr/lib/swift/macosx";
				OTHER_LDFLAGS = "$(inherited)";
				OTHER_SWIFT_FLAGS = "$(inherited)";
				PRODUCT_BUNDLE_IDENTIFIER = CommandLine;
				PRODUCT_MODULE_NAME = "$(TARGET_NAME:c99extidentifier)";
				PRODUCT_NAME = "$(TARGET_NAME:c99extidentifier)";
				SUPPORTED_PLATFORMS = macosx;
				SWIFT_ACTIVE_COMPILATION_CONDITIONS = SWIFT_PACKAGE;
				SWIFT_VERSION = 3.0;
				TARGET_NAME = CommandLine;
			};
			name = Release;
		};
		OBJ_98 /* Debug */ = {
			isa = XCBuildConfiguration;
			buildSettings = {
				ENABLE_TESTABILITY = YES;
				FRAMEWORK_SEARCH_PATHS = "$(PLATFORM_DIR)/Developer/Library/Frameworks";
				HEADER_SEARCH_PATHS = "";
				INFOPLIST_FILE = Swish.xcodeproj/Sync_Info.plist;
				LD_RUNPATH_SEARCH_PATHS = "$(TOOLCHAIN_DIR)/usr/lib/swift/macosx";
				OTHER_LDFLAGS = "$(inherited)";
				OTHER_SWIFT_FLAGS = "$(inherited)";
				PRODUCT_BUNDLE_IDENTIFIER = Sync;
				PRODUCT_MODULE_NAME = "$(TARGET_NAME:c99extidentifier)";
				PRODUCT_NAME = "$(TARGET_NAME:c99extidentifier)";
				SUPPORTED_PLATFORMS = macosx;
				SWIFT_ACTIVE_COMPILATION_CONDITIONS = SWIFT_PACKAGE;
				SWIFT_VERSION = 3.0;
				TARGET_NAME = Sync;
			};
			name = Debug;
		};
		OBJ_99 /* Release */ = {
			isa = XCBuildConfiguration;
			buildSettings = {
				ENABLE_TESTABILITY = YES;
				FRAMEWORK_SEARCH_PATHS = "$(PLATFORM_DIR)/Developer/Library/Frameworks";
				HEADER_SEARCH_PATHS = "";
				INFOPLIST_FILE = Swish.xcodeproj/Sync_Info.plist;
				LD_RUNPATH_SEARCH_PATHS = "$(TOOLCHAIN_DIR)/usr/lib/swift/macosx";
				OTHER_LDFLAGS = "$(inherited)";
				OTHER_SWIFT_FLAGS = "$(inherited)";
				PRODUCT_BUNDLE_IDENTIFIER = Sync;
				PRODUCT_MODULE_NAME = "$(TARGET_NAME:c99extidentifier)";
				PRODUCT_NAME = "$(TARGET_NAME:c99extidentifier)";
				SUPPORTED_PLATFORMS = macosx;
				SWIFT_ACTIVE_COMPILATION_CONDITIONS = SWIFT_PACKAGE;
				SWIFT_VERSION = 3.0;
				TARGET_NAME = Sync;
			};
			name = Release;
		};
/* End XCBuildConfiguration section */

/* Begin XCConfigurationList section */
		OBJ_108 /* Build configuration list for PBXNativeTarget "Swish" */ = {
			isa = XCConfigurationList;
			buildConfigurations = (
				OBJ_109 /* Debug */,
				OBJ_110 /* Release */,
			);
			defaultConfigurationIsVisible = 0;
			defaultConfigurationName = Debug;
		};
		OBJ_2 /* Build configuration list for PBXProject "Swish" */ = {
			isa = XCConfigurationList;
			buildConfigurations = (
				OBJ_3 /* Debug */,
				OBJ_4 /* Release */,
			);
			defaultConfigurationIsVisible = 0;
			defaultConfigurationName = Debug;
		};
		OBJ_57 /* Build configuration list for PBXNativeTarget "Spectre" */ = {
			isa = XCConfigurationList;
			buildConfigurations = (
				OBJ_58 /* Debug */,
				OBJ_59 /* Release */,
			);
			defaultConfigurationIsVisible = 0;
			defaultConfigurationName = Debug;
		};
		OBJ_71 /* Build configuration list for PBXNativeTarget "Commander" */ = {
			isa = XCConfigurationList;
			buildConfigurations = (
				OBJ_72 /* Debug */,
				OBJ_73 /* Release */,
			);
			defaultConfigurationIsVisible = 0;
			defaultConfigurationName = Debug;
		};
		OBJ_88 /* Build configuration list for PBXNativeTarget "CommandLine" */ = {
			isa = XCConfigurationList;
			buildConfigurations = (
				OBJ_89 /* Debug */,
				OBJ_90 /* Release */,
			);
			defaultConfigurationIsVisible = 0;
			defaultConfigurationName = Debug;
		};
		OBJ_97 /* Build configuration list for PBXNativeTarget "Sync" */ = {
			isa = XCConfigurationList;
			buildConfigurations = (
				OBJ_98 /* Debug */,
				OBJ_99 /* Release */,
			);
			defaultConfigurationIsVisible = 0;
			defaultConfigurationName = Debug;
		};
/* End XCConfigurationList section */
	};
	rootObject = OBJ_1 /* Project object */;
}
